// !$*UTF8*$!
{
	archiveVersion = 1;
	classes = {
	};
	objectVersion = 54;
	objects = {

/* Begin PBXBuildFile section */
		0014938A815F4EEBDC1841C6 /* TerminalTabView.swift in Sources */ = {isa = PBXBuildFile; fileRef = 3D8E92E8F75CDE76BB1DEF23 /* TerminalTabView.swift */; };
		065D08F24951EE3B904B2EE1 /* NvimRPC.swift in Sources */ = {isa = PBXBuildFile; fileRef = C6AC51F4F81DE3B6D41A9158 /* NvimRPC.swift */; };
		0C05E6AADE3512F5D270FAA9 /* ContentView.swift in Sources */ = {isa = PBXBuildFile; fileRef = A587502DE9B721579B6AA7E8 /* ContentView.swift */; };
		22BEE97BFB1F9A4C429B890C /* FileItem.swift in Sources */ = {isa = PBXBuildFile; fileRef = ACDA054A9F51B9E7A05B82A6 /* FileItem.swift */; };
		256BEABEF9D0E3ED51A8BDFD /* JSONRPCTransport.swift in Sources */ = {isa = PBXBuildFile; fileRef = 48F35C80E0660E789DB10C42 /* JSONRPCTransport.swift */; };
		2728B7D935DEEA0A779284D4 /* LinkifiedText.swift in Sources */ = {isa = PBXBuildFile; fileRef = 3058C4909A162A396D9E98FF /* LinkifiedText.swift */; };
		2749E06B1E41C146E6D27323 /* TreeSitterZig in Frameworks */ = {isa = PBXBuildFile; productRef = 60A0059EA0C9738353738CFF /* TreeSitterZig */; };
		347D1A8C57AA9E0CD6678892 /* GhosttyTerminalView.swift in Sources */ = {isa = PBXBuildFile; fileRef = 8933CC7D6E370077FDBD3EFA /* GhosttyTerminalView.swift */; };
		35AB982D94BA82ED0F30704C /* GhosttyKit.xcframework in Frameworks */ = {isa = PBXBuildFile; fileRef = C0F3384268C43DE31057DAB0 /* GhosttyKit.xcframework */; };
		38D291BFE946E7B338F68F04 /* TreeSitterJSON in Frameworks */ = {isa = PBXBuildFile; productRef = 66E22FD22A47D20C925DF1F2 /* TreeSitterJSON */; };
		3A67BDCC050E01B5A1600FCA /* TreeSitterRust in Frameworks */ = {isa = PBXBuildFile; productRef = 1BD2AE0CC7EEB335F2D314E1 /* TreeSitterRust */; };
		42506BE8E2FFDF6DA22F5DF6 /* ChatView.swift in Sources */ = {isa = PBXBuildFile; fileRef = A38D8B6B25D2C2C75BB72E7F /* ChatView.swift */; };
		427411B9ECBC36148CC91061 /* GhosttyInput.swift in Sources */ = {isa = PBXBuildFile; fileRef = 0D40426E1854161EE406410C /* GhosttyInput.swift */; };
		56E0C4F8A774687D95109231 /* STTextView in Frameworks */ = {isa = PBXBuildFile; productRef = BCCC2DB99045FD4E0BB74356 /* STTextView */; };
		5ABB60B92EC6C1196FD011C8 /* WorkspaceStateTests.swift in Sources */ = {isa = PBXBuildFile; fileRef = B483B2FA9B2637CEF152C961 /* WorkspaceStateTests.swift */; };
		67F5438271AA5B872B678981 /* TreeSitterMarkdown in Frameworks */ = {isa = PBXBuildFile; productRef = 7BF7D938AA1BAD0114E556D5 /* TreeSitterMarkdown */; };
		7A9DD80FB83AC7BB5F40265B /* CodexService.swift in Sources */ = {isa = PBXBuildFile; fileRef = D82BDDA83CCB8DBEB56D54FD /* CodexService.swift */; };
		827DA68E8C67210C3B80676D /* TreeSitterSwift in Frameworks */ = {isa = PBXBuildFile; productRef = 57C3BB899D6CDDE86B893FB1 /* TreeSitterSwift */; };
		95E3F61267434DC0C9ADB1BA /* CommandPaletteView.swift in Sources */ = {isa = PBXBuildFile; fileRef = 0A8E6F66E4C4CD4D5146948B /* CommandPaletteView.swift */; };
		A76F12075AE0E86A6DFB2DB7 /* TreeSitterJavaScript in Frameworks */ = {isa = PBXBuildFile; productRef = B05DE54B2293CC4A5B0DE351 /* TreeSitterJavaScript */; };
		A80D7D32ECFF2B4256B19725 /* TreeSitterGo in Frameworks */ = {isa = PBXBuildFile; productRef = 40AEBE982C5C31E4D58DB5E5 /* TreeSitterGo */; };
		A93D9697EC606903E111E834 /* TreeSitterTypeScript in Frameworks */ = {isa = PBXBuildFile; productRef = 3EBAEA63D80D691E415FDC73 /* TreeSitterTypeScript */; };
		AC66AB78EBF669C290386FCC /* TreeSitterBash in Frameworks */ = {isa = PBXBuildFile; productRef = 5A4841047D09D45F17C10EFE /* TreeSitterBash */; };
		C66EA0974D863D458B0A171C /* GhosttyApp.swift in Sources */ = {isa = PBXBuildFile; fileRef = C4132A0BEE89C42A7FB1DC59 /* GhosttyApp.swift */; };
		CB32654F5BB16CEBF30B91F5 /* SwiftTreeSitter in Frameworks */ = {isa = PBXBuildFile; productRef = 47EC7FB4CB64AD3CB10A1094 /* SwiftTreeSitter */; };
		CD146869D7D4DD80FFEE3187 /* SyntaxHighlighting.swift in Sources */ = {isa = PBXBuildFile; fileRef = F334689F6A985085943312B6 /* SyntaxHighlighting.swift */; };
		D368B89C3C6D1E043269717D /* SmithersUITests.swift in Sources */ = {isa = PBXBuildFile; fileRef = 96D3FD80488838D7B4EA877A /* SmithersUITests.swift */; };
		D6D345869F56D936D4DAC6C7 /* FileItemTests.swift in Sources */ = {isa = PBXBuildFile; fileRef = 45514CF0D8DAE09DCD5BAD3F /* FileItemTests.swift */; };
		D847AE7F6B476F8419133C57 /* FileTreeSidebar.swift in Sources */ = {isa = PBXBuildFile; fileRef = 4B9E16E717471B60BCA71C6C /* FileTreeSidebar.swift */; };
		E0AB0E5FF1667F065428B456 /* NvimController.swift in Sources */ = {isa = PBXBuildFile; fileRef = 19942FCCF8B2D42A46DD182E /* NvimController.swift */; };
		E0B5AA2644ACEB3F09564D8D /* TreeSitterPython in Frameworks */ = {isa = PBXBuildFile; productRef = B78F739DAF624E44FEE7D498 /* TreeSitterPython */; };
		E6DE57D1991DDFDA11E56E27 /* Carbon.framework in Frameworks */ = {isa = PBXBuildFile; fileRef = E3D84544EAEC72C20ACBBF32 /* Carbon.framework */; };
		E961693CD21DFE7F4E5350E1 /* WorkspaceState.swift in Sources */ = {isa = PBXBuildFile; fileRef = 7E71D95313FFB398DA0EB4A5 /* WorkspaceState.swift */; };
		EBD5AF0A2D7E3CDC0F10DB6D /* TmuxKeyHandler.swift in Sources */ = {isa = PBXBuildFile; fileRef = 28E4708D9C09F3165A80FF50 /* TmuxKeyHandler.swift */; };
		ECF16677A59FB88A7F227A6F /* DiffViewer.swift in Sources */ = {isa = PBXBuildFile; fileRef = 9572518B7D0E5B512928D696 /* DiffViewer.swift */; };
		EE4DDAC29B154BBC0A2B7A80 /* SmithersApp.swift in Sources */ = {isa = PBXBuildFile; fileRef = BB1A5DC923E5D8AE13DED3C7 /* SmithersApp.swift */; };
/* End PBXBuildFile section */

/* Begin PBXContainerItemProxy section */
		68C009D72D7AE2BE4C7B818E /* PBXContainerItemProxy */ = {
			isa = PBXContainerItemProxy;
			containerPortal = EB1BB2D82C81E455A1ECE9EC /* Project object */;
			proxyType = 1;
			remoteGlobalIDString = CA69C1381571362EAA29915F;
			remoteInfo = Smithers;
		};
		BC3368BF066364F516428F44 /* PBXContainerItemProxy */ = {
			isa = PBXContainerItemProxy;
			containerPortal = EB1BB2D82C81E455A1ECE9EC /* Project object */;
			proxyType = 1;
			remoteGlobalIDString = CA69C1381571362EAA29915F;
			remoteInfo = Smithers;
		};
/* End PBXContainerItemProxy section */

/* Begin PBXFileReference section */
		0A8E6F66E4C4CD4D5146948B /* CommandPaletteView.swift */ = {isa = PBXFileReference; lastKnownFileType = sourcecode.swift; path = CommandPaletteView.swift; sourceTree = "<group>"; };
		0D40426E1854161EE406410C /* GhosttyInput.swift */ = {isa = PBXFileReference; lastKnownFileType = sourcecode.swift; path = GhosttyInput.swift; sourceTree = "<group>"; };
		19942FCCF8B2D42A46DD182E /* NvimController.swift */ = {isa = PBXFileReference; lastKnownFileType = sourcecode.swift; path = NvimController.swift; sourceTree = "<group>"; };
		28E4708D9C09F3165A80FF50 /* TmuxKeyHandler.swift */ = {isa = PBXFileReference; lastKnownFileType = sourcecode.swift; path = TmuxKeyHandler.swift; sourceTree = "<group>"; };
		3058C4909A162A396D9E98FF /* LinkifiedText.swift */ = {isa = PBXFileReference; lastKnownFileType = sourcecode.swift; path = LinkifiedText.swift; sourceTree = "<group>"; };
		3D8E92E8F75CDE76BB1DEF23 /* TerminalTabView.swift */ = {isa = PBXFileReference; lastKnownFileType = sourcecode.swift; path = TerminalTabView.swift; sourceTree = "<group>"; };
		45514CF0D8DAE09DCD5BAD3F /* FileItemTests.swift */ = {isa = PBXFileReference; lastKnownFileType = sourcecode.swift; path = FileItemTests.swift; sourceTree = "<group>"; };
		48F35C80E0660E789DB10C42 /* JSONRPCTransport.swift */ = {isa = PBXFileReference; lastKnownFileType = sourcecode.swift; path = JSONRPCTransport.swift; sourceTree = "<group>"; };
		4B9E16E717471B60BCA71C6C /* FileTreeSidebar.swift */ = {isa = PBXFileReference; lastKnownFileType = sourcecode.swift; path = FileTreeSidebar.swift; sourceTree = "<group>"; };
		591F1587F588E50EA4BECE81 /* SmithersTests.xctest */ = {isa = PBXFileReference; explicitFileType = wrapper.cfbundle; includeInIndex = 0; path = SmithersTests.xctest; sourceTree = BUILT_PRODUCTS_DIR; };
		7697BC04474DE2DF6A25E1A2 /* Smithers.app */ = {isa = PBXFileReference; explicitFileType = wrapper.application; includeInIndex = 0; path = Smithers.app; sourceTree = BUILT_PRODUCTS_DIR; };
		7E71D95313FFB398DA0EB4A5 /* WorkspaceState.swift */ = {isa = PBXFileReference; lastKnownFileType = sourcecode.swift; path = WorkspaceState.swift; sourceTree = "<group>"; };
		8933CC7D6E370077FDBD3EFA /* GhosttyTerminalView.swift */ = {isa = PBXFileReference; lastKnownFileType = sourcecode.swift; path = GhosttyTerminalView.swift; sourceTree = "<group>"; };
		9572518B7D0E5B512928D696 /* DiffViewer.swift */ = {isa = PBXFileReference; lastKnownFileType = sourcecode.swift; path = DiffViewer.swift; sourceTree = "<group>"; };
		96D3FD80488838D7B4EA877A /* SmithersUITests.swift */ = {isa = PBXFileReference; lastKnownFileType = sourcecode.swift; path = SmithersUITests.swift; sourceTree = "<group>"; };
		A38D8B6B25D2C2C75BB72E7F /* ChatView.swift */ = {isa = PBXFileReference; lastKnownFileType = sourcecode.swift; path = ChatView.swift; sourceTree = "<group>"; };
		A587502DE9B721579B6AA7E8 /* ContentView.swift */ = {isa = PBXFileReference; lastKnownFileType = sourcecode.swift; path = ContentView.swift; sourceTree = "<group>"; };
		AB403FF3EE585DFE8FB62A66 /* SmithersUITests.xctest */ = {isa = PBXFileReference; explicitFileType = wrapper.cfbundle; includeInIndex = 0; path = SmithersUITests.xctest; sourceTree = BUILT_PRODUCTS_DIR; };
		ACDA054A9F51B9E7A05B82A6 /* FileItem.swift */ = {isa = PBXFileReference; lastKnownFileType = sourcecode.swift; path = FileItem.swift; sourceTree = "<group>"; };
		B483B2FA9B2637CEF152C961 /* WorkspaceStateTests.swift */ = {isa = PBXFileReference; lastKnownFileType = sourcecode.swift; path = WorkspaceStateTests.swift; sourceTree = "<group>"; };
		BB1A5DC923E5D8AE13DED3C7 /* SmithersApp.swift */ = {isa = PBXFileReference; lastKnownFileType = sourcecode.swift; path = SmithersApp.swift; sourceTree = "<group>"; };
		C0F3384268C43DE31057DAB0 /* GhosttyKit.xcframework */ = {isa = PBXFileReference; lastKnownFileType = wrapper.xcframework; name = GhosttyKit.xcframework; path = ../../ghostty/macos/GhosttyKit.xcframework; sourceTree = "<group>"; };
		C4132A0BEE89C42A7FB1DC59 /* GhosttyApp.swift */ = {isa = PBXFileReference; lastKnownFileType = sourcecode.swift; path = GhosttyApp.swift; sourceTree = "<group>"; };
		C6AC51F4F81DE3B6D41A9158 /* NvimRPC.swift */ = {isa = PBXFileReference; lastKnownFileType = sourcecode.swift; path = NvimRPC.swift; sourceTree = "<group>"; };
		D82BDDA83CCB8DBEB56D54FD /* CodexService.swift */ = {isa = PBXFileReference; lastKnownFileType = sourcecode.swift; path = CodexService.swift; sourceTree = "<group>"; };
		E3D84544EAEC72C20ACBBF32 /* Carbon.framework */ = {isa = PBXFileReference; lastKnownFileType = wrapper.framework; path = Carbon.framework; sourceTree = "<group>"; };
		F334689F6A985085943312B6 /* SyntaxHighlighting.swift */ = {isa = PBXFileReference; lastKnownFileType = sourcecode.swift; path = SyntaxHighlighting.swift; sourceTree = "<group>"; };
/* End PBXFileReference section */

/* Begin PBXFrameworksBuildPhase section */
		C9AF0A34254552587277048A /* Frameworks */ = {
			isa = PBXFrameworksBuildPhase;
			buildActionMask = 2147483647;
			files = (
				56E0C4F8A774687D95109231 /* STTextView in Frameworks */,
				CB32654F5BB16CEBF30B91F5 /* SwiftTreeSitter in Frameworks */,
				827DA68E8C67210C3B80676D /* TreeSitterSwift in Frameworks */,
				A76F12075AE0E86A6DFB2DB7 /* TreeSitterJavaScript in Frameworks */,
				E0B5AA2644ACEB3F09564D8D /* TreeSitterPython in Frameworks */,
				38D291BFE946E7B338F68F04 /* TreeSitterJSON in Frameworks */,
				AC66AB78EBF669C290386FCC /* TreeSitterBash in Frameworks */,
				A93D9697EC606903E111E834 /* TreeSitterTypeScript in Frameworks */,
				67F5438271AA5B872B678981 /* TreeSitterMarkdown in Frameworks */,
				2749E06B1E41C146E6D27323 /* TreeSitterZig in Frameworks */,
				3A67BDCC050E01B5A1600FCA /* TreeSitterRust in Frameworks */,
				A80D7D32ECFF2B4256B19725 /* TreeSitterGo in Frameworks */,
				E6DE57D1991DDFDA11E56E27 /* Carbon.framework in Frameworks */,
				35AB982D94BA82ED0F30704C /* GhosttyKit.xcframework in Frameworks */,
			);
			runOnlyForDeploymentPostprocessing = 0;
		};
/* End PBXFrameworksBuildPhase section */

/* Begin PBXGroup section */
		03415619D7C7DBE6F4E8C481 /* Smithers */ = {
			isa = PBXGroup;
			children = (
				A38D8B6B25D2C2C75BB72E7F /* ChatView.swift */,
				D82BDDA83CCB8DBEB56D54FD /* CodexService.swift */,
				0A8E6F66E4C4CD4D5146948B /* CommandPaletteView.swift */,
				A587502DE9B721579B6AA7E8 /* ContentView.swift */,
				9572518B7D0E5B512928D696 /* DiffViewer.swift */,
				ACDA054A9F51B9E7A05B82A6 /* FileItem.swift */,
				4B9E16E717471B60BCA71C6C /* FileTreeSidebar.swift */,
				C4132A0BEE89C42A7FB1DC59 /* GhosttyApp.swift */,
				0D40426E1854161EE406410C /* GhosttyInput.swift */,
				8933CC7D6E370077FDBD3EFA /* GhosttyTerminalView.swift */,
				48F35C80E0660E789DB10C42 /* JSONRPCTransport.swift */,
				3058C4909A162A396D9E98FF /* LinkifiedText.swift */,
				19942FCCF8B2D42A46DD182E /* NvimController.swift */,
				C6AC51F4F81DE3B6D41A9158 /* NvimRPC.swift */,
				BB1A5DC923E5D8AE13DED3C7 /* SmithersApp.swift */,
				F334689F6A985085943312B6 /* SyntaxHighlighting.swift */,
				3D8E92E8F75CDE76BB1DEF23 /* TerminalTabView.swift */,
				28E4708D9C09F3165A80FF50 /* TmuxKeyHandler.swift */,
				7E71D95313FFB398DA0EB4A5 /* WorkspaceState.swift */,
			);
			path = Smithers;
			sourceTree = "<group>";
		};
		06CDD3364C66536BE9E3B8C9 /* SmithersTests */ = {
			isa = PBXGroup;
			children = (
				45514CF0D8DAE09DCD5BAD3F /* FileItemTests.swift */,
				B483B2FA9B2637CEF152C961 /* WorkspaceStateTests.swift */,
			);
			path = SmithersTests;
			sourceTree = "<group>";
		};
		11FF5FD92DFB735F5E6F8B82 /* Frameworks */ = {
			isa = PBXGroup;
			children = (
				E3D84544EAEC72C20ACBBF32 /* Carbon.framework */,
				C0F3384268C43DE31057DAB0 /* GhosttyKit.xcframework */,
			);
			name = Frameworks;
			sourceTree = "<group>";
		};
		132A3D2F0FCBB82BCACD12B5 /* SmithersUITests */ = {
			isa = PBXGroup;
			children = (
				96D3FD80488838D7B4EA877A /* SmithersUITests.swift */,
			);
			path = SmithersUITests;
			sourceTree = "<group>";
		};
		614D2D3AA110DFE27B45BB2F /* Products */ = {
			isa = PBXGroup;
			children = (
				7697BC04474DE2DF6A25E1A2 /* Smithers.app */,
				591F1587F588E50EA4BECE81 /* SmithersTests.xctest */,
				AB403FF3EE585DFE8FB62A66 /* SmithersUITests.xctest */,
			);
			name = Products;
			sourceTree = "<group>";
		};
		EE841049582BDC510494C928 = {
			isa = PBXGroup;
			children = (
				03415619D7C7DBE6F4E8C481 /* Smithers */,
				06CDD3364C66536BE9E3B8C9 /* SmithersTests */,
				132A3D2F0FCBB82BCACD12B5 /* SmithersUITests */,
				11FF5FD92DFB735F5E6F8B82 /* Frameworks */,
				614D2D3AA110DFE27B45BB2F /* Products */,
			);
			sourceTree = "<group>";
		};
/* End PBXGroup section */

/* Begin PBXNativeTarget section */
		9C70400BD938B4F7A06F95E3 /* SmithersUITests */ = {
			isa = PBXNativeTarget;
			buildConfigurationList = 3B56C7BCEB8E08D04B521599 /* Build configuration list for PBXNativeTarget "SmithersUITests" */;
			buildPhases = (
				B6BB6FE95B890D886125A3CC /* Sources */,
			);
			buildRules = (
			);
			dependencies = (
				1FAB14AA48D1C3EC31E684BC /* PBXTargetDependency */,
			);
			name = SmithersUITests;
			packageProductDependencies = (
			);
			productName = SmithersUITests;
			productReference = AB403FF3EE585DFE8FB62A66 /* SmithersUITests.xctest */;
			productType = "com.apple.product-type.bundle.ui-testing";
		};
		CA69C1381571362EAA29915F /* Smithers */ = {
			isa = PBXNativeTarget;
			buildConfigurationList = 81C579E4F904C1527B9188CC /* Build configuration list for PBXNativeTarget "Smithers" */;
			buildPhases = (
				DD67FBC13579F42683F8821B /* Sources */,
				C9AF0A34254552587277048A /* Frameworks */,
			);
			buildRules = (
			);
			dependencies = (
			);
			name = Smithers;
			packageProductDependencies = (
				BCCC2DB99045FD4E0BB74356 /* STTextView */,
				47EC7FB4CB64AD3CB10A1094 /* SwiftTreeSitter */,
				57C3BB899D6CDDE86B893FB1 /* TreeSitterSwift */,
				B05DE54B2293CC4A5B0DE351 /* TreeSitterJavaScript */,
				B78F739DAF624E44FEE7D498 /* TreeSitterPython */,
				66E22FD22A47D20C925DF1F2 /* TreeSitterJSON */,
				5A4841047D09D45F17C10EFE /* TreeSitterBash */,
				3EBAEA63D80D691E415FDC73 /* TreeSitterTypeScript */,
				7BF7D938AA1BAD0114E556D5 /* TreeSitterMarkdown */,
				60A0059EA0C9738353738CFF /* TreeSitterZig */,
				1BD2AE0CC7EEB335F2D314E1 /* TreeSitterRust */,
				40AEBE982C5C31E4D58DB5E5 /* TreeSitterGo */,
			);
			productName = Smithers;
			productReference = 7697BC04474DE2DF6A25E1A2 /* Smithers.app */;
			productType = "com.apple.product-type.application";
		};
		CF606B52E1FA039CBCF0A5EE /* SmithersTests */ = {
			isa = PBXNativeTarget;
			buildConfigurationList = 791FD3FA2ABBD8194F96E162 /* Build configuration list for PBXNativeTarget "SmithersTests" */;
			buildPhases = (
				E0509D93C691547A39692EED /* Sources */,
			);
			buildRules = (
			);
			dependencies = (
				E046B3ED79E0C6830B8E4FA7 /* PBXTargetDependency */,
			);
			name = SmithersTests;
			packageProductDependencies = (
			);
			productName = SmithersTests;
			productReference = 591F1587F588E50EA4BECE81 /* SmithersTests.xctest */;
			productType = "com.apple.product-type.bundle.unit-test";
		};
/* End PBXNativeTarget section */

/* Begin PBXProject section */
		EB1BB2D82C81E455A1ECE9EC /* Project object */ = {
			isa = PBXProject;
			attributes = {
				BuildIndependentTargetsInParallel = YES;
				LastUpgradeCheck = 1500;
				TargetAttributes = {
					9C70400BD938B4F7A06F95E3 = {
						ProvisioningStyle = Automatic;
						TestTargetID = CA69C1381571362EAA29915F;
					};
					CA69C1381571362EAA29915F = {
						ProvisioningStyle = Automatic;
					};
					CF606B52E1FA039CBCF0A5EE = {
						ProvisioningStyle = Automatic;
					};
				};
			};
			buildConfigurationList = 97C30B08993F9FFD4A6D25F0 /* Build configuration list for PBXProject "Smithers" */;
			compatibilityVersion = "Xcode 14.0";
			developmentRegion = en;
			hasScannedForEncodings = 0;
			knownRegions = (
				Base,
				en,
			);
			mainGroup = EE841049582BDC510494C928;
			minimizedProjectReferenceProxies = 1;
			packageReferences = (
				746D7CAE52A949710750A85C /* XCRemoteSwiftPackageReference "STTextView" */,
				F2DD7F6C4CA739C2CCC57624 /* XCRemoteSwiftPackageReference "swift-tree-sitter" */,
				9554221B835580EB150C2A47 /* XCRemoteSwiftPackageReference "tree-sitter-bash" */,
				701B4AF8DBE21004EBBE37BE /* XCRemoteSwiftPackageReference "tree-sitter-go" */,
				B4B662A0163E1096E24EB080 /* XCRemoteSwiftPackageReference "tree-sitter-javascript" */,
				B33BBB86702D1AA314BC16C3 /* XCRemoteSwiftPackageReference "tree-sitter-json" */,
				22DC48EE4ACDD1A9ECBDF552 /* XCRemoteSwiftPackageReference "tree-sitter-markdown" */,
				C215E2B3FF55BCFCD8CA6572 /* XCRemoteSwiftPackageReference "tree-sitter-python" */,
				B4A8D9EE4C842591C76E9607 /* XCRemoteSwiftPackageReference "tree-sitter-rust" */,
				329117C42DF6EA992BD467DF /* XCRemoteSwiftPackageReference "tree-sitter-swift" */,
				357E398A9FECC81DB2AE995F /* XCRemoteSwiftPackageReference "tree-sitter-typescript" */,
				35DD6C788F6072CCE04EE22C /* XCRemoteSwiftPackageReference "tree-sitter-zig" */,
			);
			preferredProjectObjectVersion = 54;
			projectDirPath = "";
			projectRoot = "";
			targets = (
				CA69C1381571362EAA29915F /* Smithers */,
				CF606B52E1FA039CBCF0A5EE /* SmithersTests */,
				9C70400BD938B4F7A06F95E3 /* SmithersUITests */,
			);
		};
/* End PBXProject section */

/* Begin PBXSourcesBuildPhase section */
		B6BB6FE95B890D886125A3CC /* Sources */ = {
			isa = PBXSourcesBuildPhase;
			buildActionMask = 2147483647;
			files = (
				D368B89C3C6D1E043269717D /* SmithersUITests.swift in Sources */,
			);
			runOnlyForDeploymentPostprocessing = 0;
		};
		DD67FBC13579F42683F8821B /* Sources */ = {
			isa = PBXSourcesBuildPhase;
			buildActionMask = 2147483647;
			files = (
				42506BE8E2FFDF6DA22F5DF6 /* ChatView.swift in Sources */,
				7A9DD80FB83AC7BB5F40265B /* CodexService.swift in Sources */,
				95E3F61267434DC0C9ADB1BA /* CommandPaletteView.swift in Sources */,
				0C05E6AADE3512F5D270FAA9 /* ContentView.swift in Sources */,
				ECF16677A59FB88A7F227A6F /* DiffViewer.swift in Sources */,
				22BEE97BFB1F9A4C429B890C /* FileItem.swift in Sources */,
				D847AE7F6B476F8419133C57 /* FileTreeSidebar.swift in Sources */,
				C66EA0974D863D458B0A171C /* GhosttyApp.swift in Sources */,
				427411B9ECBC36148CC91061 /* GhosttyInput.swift in Sources */,
				347D1A8C57AA9E0CD6678892 /* GhosttyTerminalView.swift in Sources */,
				256BEABEF9D0E3ED51A8BDFD /* JSONRPCTransport.swift in Sources */,
				2728B7D935DEEA0A779284D4 /* LinkifiedText.swift in Sources */,
				E0AB0E5FF1667F065428B456 /* NvimController.swift in Sources */,
				065D08F24951EE3B904B2EE1 /* NvimRPC.swift in Sources */,
				EE4DDAC29B154BBC0A2B7A80 /* SmithersApp.swift in Sources */,
				CD146869D7D4DD80FFEE3187 /* SyntaxHighlighting.swift in Sources */,
				0014938A815F4EEBDC1841C6 /* TerminalTabView.swift in Sources */,
				EBD5AF0A2D7E3CDC0F10DB6D /* TmuxKeyHandler.swift in Sources */,
				E961693CD21DFE7F4E5350E1 /* WorkspaceState.swift in Sources */,
			);
			runOnlyForDeploymentPostprocessing = 0;
		};
		E0509D93C691547A39692EED /* Sources */ = {
			isa = PBXSourcesBuildPhase;
			buildActionMask = 2147483647;
			files = (
				D6D345869F56D936D4DAC6C7 /* FileItemTests.swift in Sources */,
				5ABB60B92EC6C1196FD011C8 /* WorkspaceStateTests.swift in Sources */,
			);
			runOnlyForDeploymentPostprocessing = 0;
		};
/* End PBXSourcesBuildPhase section */

/* Begin PBXTargetDependency section */
		1FAB14AA48D1C3EC31E684BC /* PBXTargetDependency */ = {
			isa = PBXTargetDependency;
			target = CA69C1381571362EAA29915F /* Smithers */;
			targetProxy = 68C009D72D7AE2BE4C7B818E /* PBXContainerItemProxy */;
		};
		E046B3ED79E0C6830B8E4FA7 /* PBXTargetDependency */ = {
			isa = PBXTargetDependency;
			target = CA69C1381571362EAA29915F /* Smithers */;
			targetProxy = BC3368BF066364F516428F44 /* PBXContainerItemProxy */;
		};
/* End PBXTargetDependency section */

/* Begin XCBuildConfiguration section */
		0121A7F4C80832EA4C35C837 /* Debug */ = {
			isa = XCBuildConfiguration;
			buildSettings = {
				ASSETCATALOG_COMPILER_APPICON_NAME = AppIcon;
				CODE_SIGN_STYLE = Automatic;
				COMBINE_HIDPI_IMAGES = YES;
				CURRENT_PROJECT_VERSION = 1;
				DEFINES_MODULE = YES;
				FRAMEWORK_SEARCH_PATHS = (
					"$(inherited)",
					"\".\"",
					"\"../../ghostty/macos\"",
				);
				GENERATE_INFOPLIST_FILE = YES;
				LD_RUNPATH_SEARCH_PATHS = (
					"$(inherited)",
					"@executable_path/../Frameworks",
				);
				MARKETING_VERSION = 0.1.0;
				OTHER_LDFLAGS = (
					"-lstdc++",
				);
				PRODUCT_BUNDLE_IDENTIFIER = com.smithers.desktop;
				SDKROOT = macosx;
				SWIFT_VERSION = 5.10;
			};
			name = Debug;
		};
		194AB6FF4BB51E3AB7088EE8 /* Debug */ = {
			isa = XCBuildConfiguration;
			buildSettings = {
				BUNDLE_LOADER = "$(TEST_HOST)";
				CODE_SIGN_STYLE = Automatic;
				COMBINE_HIDPI_IMAGES = YES;
				GENERATE_INFOPLIST_FILE = YES;
				LD_RUNPATH_SEARCH_PATHS = (
					"$(inherited)",
					"@executable_path/Frameworks",
					"@loader_path/Frameworks",
				);
				PRODUCT_BUNDLE_IDENTIFIER = com.smithers.desktop.uitests;
				SDKROOT = macosx;
				SWIFT_VERSION = 5.10;
				TEST_TARGET_NAME = Smithers;
			};
			name = Debug;
		};
		3B39279C9B96FB8D62E97E77 /* Release */ = {
			isa = XCBuildConfiguration;
			buildSettings = {
				BUNDLE_LOADER = "$(TEST_HOST)";
				CODE_SIGN_STYLE = Automatic;
				COMBINE_HIDPI_IMAGES = YES;
				GENERATE_INFOPLIST_FILE = YES;
				LD_RUNPATH_SEARCH_PATHS = (
					"$(inherited)",
					"@executable_path/Frameworks",
					"@loader_path/Frameworks",
				);
				PRODUCT_BUNDLE_IDENTIFIER = com.smithers.desktop.uitests;
				SDKROOT = macosx;
				SWIFT_VERSION = 5.10;
				TEST_TARGET_NAME = Smithers;
			};
			name = Release;
		};
		622B539CCE98AAAF0B7CB218 /* Release */ = {
			isa = XCBuildConfiguration;
			buildSettings = {
				BUNDLE_LOADER = "$(TEST_HOST)";
				CODE_SIGN_STYLE = Automatic;
				COMBINE_HIDPI_IMAGES = YES;
				GENERATE_INFOPLIST_FILE = YES;
				LD_RUNPATH_SEARCH_PATHS = (
					"$(inherited)",
					"@executable_path/../Frameworks",
					"@loader_path/../Frameworks",
				);
				PRODUCT_BUNDLE_IDENTIFIER = com.smithers.desktop.tests;
				SDKROOT = macosx;
				SWIFT_VERSION = 5.10;
				TEST_HOST = "$(BUILT_PRODUCTS_DIR)/Smithers.app/Contents/MacOS/Smithers";
			};
			name = Release;
		};
		855A63BCA8B92A847EA8701C /* Release */ = {
			isa = XCBuildConfiguration;
			buildSettings = {
				ASSETCATALOG_COMPILER_APPICON_NAME = AppIcon;
				CODE_SIGN_STYLE = Automatic;
				COMBINE_HIDPI_IMAGES = YES;
				CURRENT_PROJECT_VERSION = 1;
				DEFINES_MODULE = YES;
				FRAMEWORK_SEARCH_PATHS = (
					"$(inherited)",
					"\".\"",
					"\"../../ghostty/macos\"",
				);
				GENERATE_INFOPLIST_FILE = YES;
				LD_RUNPATH_SEARCH_PATHS = (
					"$(inherited)",
					"@executable_path/../Frameworks",
				);
				MARKETING_VERSION = 0.1.0;
				OTHER_LDFLAGS = (
					"-lstdc++",
				);
				PRODUCT_BUNDLE_IDENTIFIER = com.smithers.desktop;
				SDKROOT = macosx;
				SWIFT_VERSION = 5.10;
			};
			name = Release;
		};
		BCD303001E39FABFC8C485E7 /* Debug */ = {
			isa = XCBuildConfiguration;
			buildSettings = {
				ALWAYS_SEARCH_USER_PATHS = NO;
				CLANG_ANALYZER_NONNULL = YES;
				CLANG_ANALYZER_NUMBER_OBJECT_CONVERSION = YES_AGGRESSIVE;
				CLANG_CXX_LANGUAGE_STANDARD = "gnu++14";
				CLANG_CXX_LIBRARY = "libc++";
				CLANG_ENABLE_MODULES = YES;
				CLANG_ENABLE_OBJC_ARC = YES;
				CLANG_ENABLE_OBJC_WEAK = YES;
				CLANG_WARN_BLOCK_CAPTURE_AUTORELEASING = YES;
				CLANG_WARN_BOOL_CONVERSION = YES;
				CLANG_WARN_COMMA = YES;
				CLANG_WARN_CONSTANT_CONVERSION = YES;
				CLANG_WARN_DEPRECATED_OBJC_IMPLEMENTATIONS = YES;
				CLANG_WARN_DIRECT_OBJC_ISA_USAGE = YES_ERROR;
				CLANG_WARN_DOCUMENTATION_COMMENTS = YES;
				CLANG_WARN_EMPTY_BODY = YES;
				CLANG_WARN_ENUM_CONVERSION = YES;
				CLANG_WARN_INFINITE_RECURSION = YES;
				CLANG_WARN_INT_CONVERSION = YES;
				CLANG_WARN_NON_LITERAL_NULL_CONVERSION = YES;
				CLANG_WARN_OBJC_IMPLICIT_RETAIN_SELF = YES;
				CLANG_WARN_OBJC_LITERAL_CONVERSION = YES;
				CLANG_WARN_OBJC_ROOT_CLASS = YES_ERROR;
				CLANG_WARN_QUOTED_INCLUDE_IN_FRAMEWORK_HEADER = YES;
				CLANG_WARN_RANGE_LOOP_ANALYSIS = YES;
				CLANG_WARN_STRICT_PROTOTYPES = YES;
				CLANG_WARN_SUSPICIOUS_MOVE = YES;
				CLANG_WARN_UNGUARDED_AVAILABILITY = YES_AGGRESSIVE;
				CLANG_WARN_UNREACHABLE_CODE = YES;
				CLANG_WARN__DUPLICATE_METHOD_MATCH = YES;
				COPY_PHASE_STRIP = NO;
				DEBUG_INFORMATION_FORMAT = dwarf;
				ENABLE_STRICT_OBJC_MSGSEND = YES;
				ENABLE_TESTABILITY = YES;
				GCC_C_LANGUAGE_STANDARD = gnu11;
				GCC_DYNAMIC_NO_PIC = NO;
				GCC_NO_COMMON_BLOCKS = YES;
				GCC_OPTIMIZATION_LEVEL = 0;
				GCC_PREPROCESSOR_DEFINITIONS = (
					"$(inherited)",
					"DEBUG=1",
				);
				GCC_WARN_64_TO_32_BIT_CONVERSION = YES;
				GCC_WARN_ABOUT_RETURN_TYPE = YES_ERROR;
				GCC_WARN_UNDECLARED_SELECTOR = YES;
				GCC_WARN_UNINITIALIZED_AUTOS = YES_AGGRESSIVE;
				GCC_WARN_UNUSED_FUNCTION = YES;
				GCC_WARN_UNUSED_VARIABLE = YES;
				MACOSX_DEPLOYMENT_TARGET = 14.0;
				MTL_ENABLE_DEBUG_INFO = INCLUDE_SOURCE;
				MTL_FAST_MATH = YES;
				ONLY_ACTIVE_ARCH = YES;
				PRODUCT_NAME = "$(TARGET_NAME)";
				SDKROOT = macosx;
				SWIFT_ACTIVE_COMPILATION_CONDITIONS = DEBUG;
				SWIFT_OPTIMIZATION_LEVEL = "-Onone";
				SWIFT_VERSION = 5.0;
			};
			name = Debug;
		};
		D57F75F48408658666FA9305 /* Debug */ = {
			isa = XCBuildConfiguration;
			buildSettings = {
				BUNDLE_LOADER = "$(TEST_HOST)";
				CODE_SIGN_STYLE = Automatic;
				COMBINE_HIDPI_IMAGES = YES;
				GENERATE_INFOPLIST_FILE = YES;
				LD_RUNPATH_SEARCH_PATHS = (
					"$(inherited)",
					"@executable_path/../Frameworks",
					"@loader_path/../Frameworks",
				);
				PRODUCT_BUNDLE_IDENTIFIER = com.smithers.desktop.tests;
				SDKROOT = macosx;
				SWIFT_VERSION = 5.10;
				TEST_HOST = "$(BUILT_PRODUCTS_DIR)/Smithers.app/Contents/MacOS/Smithers";
			};
			name = Debug;
		};
		EB7CB7A726A72C6411E3BA4D /* Release */ = {
			isa = XCBuildConfiguration;
			buildSettings = {
				ALWAYS_SEARCH_USER_PATHS = NO;
				CLANG_ANALYZER_NONNULL = YES;
				CLANG_ANALYZER_NUMBER_OBJECT_CONVERSION = YES_AGGRESSIVE;
				CLANG_CXX_LANGUAGE_STANDARD = "gnu++14";
				CLANG_CXX_LIBRARY = "libc++";
				CLANG_ENABLE_MODULES = YES;
				CLANG_ENABLE_OBJC_ARC = YES;
				CLANG_ENABLE_OBJC_WEAK = YES;
				CLANG_WARN_BLOCK_CAPTURE_AUTORELEASING = YES;
				CLANG_WARN_BOOL_CONVERSION = YES;
				CLANG_WARN_COMMA = YES;
				CLANG_WARN_CONSTANT_CONVERSION = YES;
				CLANG_WARN_DEPRECATED_OBJC_IMPLEMENTATIONS = YES;
				CLANG_WARN_DIRECT_OBJC_ISA_USAGE = YES_ERROR;
				CLANG_WARN_DOCUMENTATION_COMMENTS = YES;
				CLANG_WARN_EMPTY_BODY = YES;
				CLANG_WARN_ENUM_CONVERSION = YES;
				CLANG_WARN_INFINITE_RECURSION = YES;
				CLANG_WARN_INT_CONVERSION = YES;
				CLANG_WARN_NON_LITERAL_NULL_CONVERSION = YES;
				CLANG_WARN_OBJC_IMPLICIT_RETAIN_SELF = YES;
				CLANG_WARN_OBJC_LITERAL_CONVERSION = YES;
				CLANG_WARN_OBJC_ROOT_CLASS = YES_ERROR;
				CLANG_WARN_QUOTED_INCLUDE_IN_FRAMEWORK_HEADER = YES;
				CLANG_WARN_RANGE_LOOP_ANALYSIS = YES;
				CLANG_WARN_STRICT_PROTOTYPES = YES;
				CLANG_WARN_SUSPICIOUS_MOVE = YES;
				CLANG_WARN_UNGUARDED_AVAILABILITY = YES_AGGRESSIVE;
				CLANG_WARN_UNREACHABLE_CODE = YES;
				CLANG_WARN__DUPLICATE_METHOD_MATCH = YES;
				COPY_PHASE_STRIP = NO;
				DEBUG_INFORMATION_FORMAT = "dwarf-with-dsym";
				ENABLE_NS_ASSERTIONS = NO;
				ENABLE_STRICT_OBJC_MSGSEND = YES;
				GCC_C_LANGUAGE_STANDARD = gnu11;
				GCC_NO_COMMON_BLOCKS = YES;
				GCC_WARN_64_TO_32_BIT_CONVERSION = YES;
				GCC_WARN_ABOUT_RETURN_TYPE = YES_ERROR;
				GCC_WARN_UNDECLARED_SELECTOR = YES;
				GCC_WARN_UNINITIALIZED_AUTOS = YES_AGGRESSIVE;
				GCC_WARN_UNUSED_FUNCTION = YES;
				GCC_WARN_UNUSED_VARIABLE = YES;
				MACOSX_DEPLOYMENT_TARGET = 14.0;
				MTL_ENABLE_DEBUG_INFO = NO;
				MTL_FAST_MATH = YES;
				PRODUCT_NAME = "$(TARGET_NAME)";
				SDKROOT = macosx;
				SWIFT_COMPILATION_MODE = wholemodule;
				SWIFT_OPTIMIZATION_LEVEL = "-O";
				SWIFT_VERSION = 5.0;
			};
			name = Release;
		};
/* End XCBuildConfiguration section */

/* Begin XCConfigurationList section */
		3B56C7BCEB8E08D04B521599 /* Build configuration list for PBXNativeTarget "SmithersUITests" */ = {
			isa = XCConfigurationList;
			buildConfigurations = (
				194AB6FF4BB51E3AB7088EE8 /* Debug */,
				3B39279C9B96FB8D62E97E77 /* Release */,
			);
			defaultConfigurationIsVisible = 0;
			defaultConfigurationName = Debug;
		};
		791FD3FA2ABBD8194F96E162 /* Build configuration list for PBXNativeTarget "SmithersTests" */ = {
			isa = XCConfigurationList;
			buildConfigurations = (
				D57F75F48408658666FA9305 /* Debug */,
				622B539CCE98AAAF0B7CB218 /* Release */,
			);
			defaultConfigurationIsVisible = 0;
			defaultConfigurationName = Debug;
		};
		81C579E4F904C1527B9188CC /* Build configuration list for PBXNativeTarget "Smithers" */ = {
			isa = XCConfigurationList;
			buildConfigurations = (
				0121A7F4C80832EA4C35C837 /* Debug */,
				855A63BCA8B92A847EA8701C /* Release */,
			);
			defaultConfigurationIsVisible = 0;
			defaultConfigurationName = Debug;
		};
		97C30B08993F9FFD4A6D25F0 /* Build configuration list for PBXProject "Smithers" */ = {
			isa = XCConfigurationList;
			buildConfigurations = (
				BCD303001E39FABFC8C485E7 /* Debug */,
				EB7CB7A726A72C6411E3BA4D /* Release */,
			);
			defaultConfigurationIsVisible = 0;
			defaultConfigurationName = Debug;
		};
/* End XCConfigurationList section */

/* Begin XCRemoteSwiftPackageReference section */
		22DC48EE4ACDD1A9ECBDF552 /* XCRemoteSwiftPackageReference "tree-sitter-markdown" */ = {
			isa = XCRemoteSwiftPackageReference;
			repositoryURL = "https://github.com/tree-sitter-grammars/tree-sitter-markdown.git";
			requirement = {
				kind = exactVersion;
				version = 0.4.1;
			};
		};
		329117C42DF6EA992BD467DF /* XCRemoteSwiftPackageReference "tree-sitter-swift" */ = {
			isa = XCRemoteSwiftPackageReference;
			repositoryURL = "https://github.com/alex-pinkus/tree-sitter-swift.git";
			requirement = {
				branch = "with-generated-files";
				kind = branch;
			};
		};
		357E398A9FECC81DB2AE995F /* XCRemoteSwiftPackageReference "tree-sitter-typescript" */ = {
			isa = XCRemoteSwiftPackageReference;
			repositoryURL = "https://github.com/tree-sitter/tree-sitter-typescript.git";
			requirement = {
				kind = exactVersion;
				version = 0.23.2;
			};
		};
		35DD6C788F6072CCE04EE22C /* XCRemoteSwiftPackageReference "tree-sitter-zig" */ = {
			isa = XCRemoteSwiftPackageReference;
			repositoryURL = "https://github.com/tree-sitter-grammars/tree-sitter-zig.git";
			requirement = {
				kind = exactVersion;
				version = 1.1.2;
			};
		};
		701B4AF8DBE21004EBBE37BE /* XCRemoteSwiftPackageReference "tree-sitter-go" */ = {
			isa = XCRemoteSwiftPackageReference;
			repositoryURL = "https://github.com/tree-sitter/tree-sitter-go.git";
			requirement = {
				kind = exactVersion;
				version = 0.23.4;
			};
		};
		746D7CAE52A949710750A85C /* XCRemoteSwiftPackageReference "STTextView" */ = {
			isa = XCRemoteSwiftPackageReference;
			repositoryURL = "https://github.com/krzyzanowskim/STTextView.git";
			requirement = {
				kind = upToNextMajorVersion;
				minimumVersion = 0.9.0;
			};
		};
		9554221B835580EB150C2A47 /* XCRemoteSwiftPackageReference "tree-sitter-bash" */ = {
			isa = XCRemoteSwiftPackageReference;
			repositoryURL = "https://github.com/tree-sitter/tree-sitter-bash.git";
			requirement = {
				kind = exactVersion;
				version = 0.23.3;
			};
		};
		B33BBB86702D1AA314BC16C3 /* XCRemoteSwiftPackageReference "tree-sitter-json" */ = {
			isa = XCRemoteSwiftPackageReference;
			repositoryURL = "https://github.com/tree-sitter/tree-sitter-json.git";
			requirement = {
				kind = exactVersion;
				version = 0.24.8;
			};
		};
		B4A8D9EE4C842591C76E9607 /* XCRemoteSwiftPackageReference "tree-sitter-rust" */ = {
			isa = XCRemoteSwiftPackageReference;
			repositoryURL = "https://github.com/tree-sitter/tree-sitter-rust.git";
			requirement = {
				kind = exactVersion;
				version = 0.23.3;
			};
		};
		B4B662A0163E1096E24EB080 /* XCRemoteSwiftPackageReference "tree-sitter-javascript" */ = {
			isa = XCRemoteSwiftPackageReference;
			repositoryURL = "https://github.com/tree-sitter/tree-sitter-javascript.git";
			requirement = {
				kind = exactVersion;
				version = 0.23.1;
			};
		};
		C215E2B3FF55BCFCD8CA6572 /* XCRemoteSwiftPackageReference "tree-sitter-python" */ = {
			isa = XCRemoteSwiftPackageReference;
			repositoryURL = "https://github.com/tree-sitter/tree-sitter-python.git";
			requirement = {
				kind = exactVersion;
				version = 0.23.6;
			};
		};
		F2DD7F6C4CA739C2CCC57624 /* XCRemoteSwiftPackageReference "swift-tree-sitter" */ = {
			isa = XCRemoteSwiftPackageReference;
			repositoryURL = "https://github.com/tree-sitter/swift-tree-sitter.git";
			requirement = {
				kind = upToNextMajorVersion;
				minimumVersion = 0.9.0;
			};
		};
/* End XCRemoteSwiftPackageReference section */

/* Begin XCSwiftPackageProductDependency section */
		1BD2AE0CC7EEB335F2D314E1 /* TreeSitterRust */ = {
			isa = XCSwiftPackageProductDependency;
			package = B4A8D9EE4C842591C76E9607 /* XCRemoteSwiftPackageReference "tree-sitter-rust" */;
			productName = TreeSitterRust;
		};
		3EBAEA63D80D691E415FDC73 /* TreeSitterTypeScript */ = {
			isa = XCSwiftPackageProductDependency;
			package = 357E398A9FECC81DB2AE995F /* XCRemoteSwiftPackageReference "tree-sitter-typescript" */;
			productName = TreeSitterTypeScript;
		};
		40AEBE982C5C31E4D58DB5E5 /* TreeSitterGo */ = {
			isa = XCSwiftPackageProductDependency;
			package = 701B4AF8DBE21004EBBE37BE /* XCRemoteSwiftPackageReference "tree-sitter-go" */;
			productName = TreeSitterGo;
		};
		47EC7FB4CB64AD3CB10A1094 /* SwiftTreeSitter */ = {
			isa = XCSwiftPackageProductDependency;
			package = F2DD7F6C4CA739C2CCC57624 /* XCRemoteSwiftPackageReference "swift-tree-sitter" */;
			productName = SwiftTreeSitter;
		};
		57C3BB899D6CDDE86B893FB1 /* TreeSitterSwift */ = {
			isa = XCSwiftPackageProductDependency;
			package = 329117C42DF6EA992BD467DF /* XCRemoteSwiftPackageReference "tree-sitter-swift" */;
			productName = TreeSitterSwift;
		};
		5A4841047D09D45F17C10EFE /* TreeSitterBash */ = {
			isa = XCSwiftPackageProductDependency;
			package = 9554221B835580EB150C2A47 /* XCRemoteSwiftPackageReference "tree-sitter-bash" */;
			productName = TreeSitterBash;
		};
		60A0059EA0C9738353738CFF /* TreeSitterZig */ = {
			isa = XCSwiftPackageProductDependency;
			package = 35DD6C788F6072CCE04EE22C /* XCRemoteSwiftPackageReference "tree-sitter-zig" */;
			productName = TreeSitterZig;
		};
		66E22FD22A47D20C925DF1F2 /* TreeSitterJSON */ = {
			isa = XCSwiftPackageProductDependency;
			package = B33BBB86702D1AA314BC16C3 /* XCRemoteSwiftPackageReference "tree-sitter-json" */;
			productName = TreeSitterJSON;
		};
		7BF7D938AA1BAD0114E556D5 /* TreeSitterMarkdown */ = {
			isa = XCSwiftPackageProductDependency;
			package = 22DC48EE4ACDD1A9ECBDF552 /* XCRemoteSwiftPackageReference "tree-sitter-markdown" */;
			productName = TreeSitterMarkdown;
		};
		B05DE54B2293CC4A5B0DE351 /* TreeSitterJavaScript */ = {
			isa = XCSwiftPackageProductDependency;
			package = B4B662A0163E1096E24EB080 /* XCRemoteSwiftPackageReference "tree-sitter-javascript" */;
			productName = TreeSitterJavaScript;
		};
		B78F739DAF624E44FEE7D498 /* TreeSitterPython */ = {
			isa = XCSwiftPackageProductDependency;
			package = C215E2B3FF55BCFCD8CA6572 /* XCRemoteSwiftPackageReference "tree-sitter-python" */;
			productName = TreeSitterPython;
		};
		BCCC2DB99045FD4E0BB74356 /* STTextView */ = {
			isa = XCSwiftPackageProductDependency;
			package = 746D7CAE52A949710750A85C /* XCRemoteSwiftPackageReference "STTextView" */;
			productName = STTextView;
		};
/* End XCSwiftPackageProductDependency section */
	};
	rootObject = EB1BB2D82C81E455A1ECE9EC /* Project object */;
}
